
Microsoft Visual Studio Solution File, Format Version 12.00
# Visual Studio Version 16
VisualStudioVersion = 16.0.32602.291
MinimumVisualStudioVersion = 10.0.40219.1
Project("{8BC9CEB8-8B4A-11D0-8D11-00A0C91BC942}") = "ITMP.CPLUSPLUS.Ex1.1", "ITMP.CPLUSPLUS.Labs\ITMP.CPLUSPLUS.Labs.vcxproj", "{15F34DE5-52C4-4EB9-B0CC-B5597D8262D3}"
EndProject
Project("{8BC9CEB8-8B4A-11D0-8D11-00A0C91BC942}") = "ITMO.CPLUSPLUS.Ex1.2", "ITMO.CPLUSPLUS.Ex2\ITMO.CPLUSPLUS.Ex2.vcxproj", "{24BC38FA-69EB-44F4-A9C3-C9C6970F6636}"
EndProject
Project("{8BC9CEB8-8B4A-11D0-8D11-00A0C91BC942}") = "ITMO.CPLUSPLUS.Ex1.3", "ITMO.CPLUSPLUS.Ex2.3\ITMO.CPLUSPLUS.Ex2.3.vcxproj", "{F69A69AE-B201-4676-8505-12C69A16C545}"
EndProject
Project("{8BC9CEB8-8B4A-11D0-8D11-00A0C91BC942}") = "ITMO.CPLUSPLUS.Ex1.Lab1", "ITMO.CPLUSPLUS.Ex2.Lab1\ITMO.CPLUSPLUS.Ex2.Lab1.vcxproj", "{6BFDBA4E-A47F-4C4F-8707-8A63881737D2}"
EndProject
Project("{8BC9CEB8-8B4A-11D0-8D11-00A0C91BC942}") = "ITMO.CPLUSPLUS.Ex2.1.1", "ITMO.CPLUSPLUS.Ex2.1\ITMO.CPLUSPLUS.Ex2.1.vcxproj", "{59CB438E-BD9D-4877-B8A3-155638855D98}"
EndProject
Project("{8BC9CEB8-8B4A-11D0-8D11-00A0C91BC942}") = "ITMP.CPLUSPLUS.Ex2.1.2", "ITMP.CPLUSPLUS.Ex2.2\ITMP.CPLUSPLUS.Ex2.2.vcxproj", "{C816281C-31BB-4BB0-8907-B565DE9E600C}"
EndProject
Project("{8BC9CEB8-8B4A-11D0-8D11-00A0C91BC942}") = "ITMO.CPLUSPLUS.Ex2.2.1", "ITMO.CPLUSPLUS.Ex2.2.1\ITMO.CPLUSPLUS.Ex2.2.1.vcxproj", "{F92E5C3B-A56B-4796-8924-1B15A189BE0B}"
EndProject
Project("{8BC9CEB8-8B4A-11D0-8D11-00A0C91BC942}") = "ITMO.CPLUSPLUS.Ex2.2.2", "ITMO.CPLUSPLUS.Ex2.2.2\ITMO.CPLUSPLUS.Ex2.2.2.vcxproj", "{A42227CC-4F3A-4D4F-B1B0-39B397600618}"
EndProject
Project("{8BC9CEB8-8B4A-11D0-8D11-00A0C91BC942}") = "ITMO.CPLUSPLUS.Ex2.2.3", "ITMO.CPLUSPLUS.Ex2.2.3\ITMO.CPLUSPLUS.Ex2.2.3.vcxproj", "{5E1520E1-0FF6-4144-B2A1-1A0EBE0B88F4}"
EndProject
Project("{8BC9CEB8-8B4A-11D0-8D11-00A0C91BC942}") = "ITMO.CPLUSPLUS.Ex2.Laba1", "ITMO.CPLUSPLUS.Ex2.Laba1\ITMO.CPLUSPLUS.Ex2.Laba1.vcxproj", "{F87965C4-531B-40CA-B573-961A28D8EEC8}"
EndProject
Project("{8BC9CEB8-8B4A-11D0-8D11-00A0C91BC942}") = "ITMO.CPLUSPLUS.Ex2.Laba2", "ITMO.CPLUSPLUS.Ex2.Laba2\ITMO.CPLUSPLUS.Ex2.Laba2.vcxproj", "{85025DB9-D484-454D-B7C0-29F11E55F326}"
EndProject
Project("{8BC9CEB8-8B4A-11D0-8D11-00A0C91BC942}") = "ITMO.CPLUSPLUS.Ex2.Laba3", "ITMO.CPLUSPLUS.Ex2.Laba3\ITMO.CPLUSPLUS.Ex2.Laba3.vcxproj", "{A445A2BF-D113-4038-9766-72BA0472B821}"
EndProject
Project("{8BC9CEB8-8B4A-11D0-8D11-00A0C91BC942}") = "ITMO.CPLUSCPLUS.Ex2.Laba4", "ITMO.CPLUSCPLUS.Ex2.Laba4\ITMO.CPLUSCPLUS.Ex2.Laba4.vcxproj", "{2A817822-1C69-44A2-A1DC-8492E4C62001}"
EndProject
Global
	GlobalSection(SolutionConfigurationPlatforms) = preSolution
		Debug|x64 = Debug|x64
		Debug|x86 = Debug|x86
		Release|x64 = Release|x64
		Release|x86 = Release|x86
	EndGlobalSection
	GlobalSection(ProjectConfigurationPlatforms) = postSolution
		{15F34DE5-52C4-4EB9-B0CC-B5597D8262D3}.Debug|x64.ActiveCfg = Debug|x64
		{15F34DE5-52C4-4EB9-B0CC-B5597D8262D3}.Debug|x64.Build.0 = Debug|x64
		{15F34DE5-52C4-4EB9-B0CC-B5597D8262D3}.Debug|x86.ActiveCfg = Debug|Win32
		{15F34DE5-52C4-4EB9-B0CC-B5597D8262D3}.Debug|x86.Build.0 = Debug|Win32
		{15F34DE5-52C4-4EB9-B0CC-B5597D8262D3}.Release|x64.ActiveCfg = Release|x64
		{15F34DE5-52C4-4EB9-B0CC-B5597D8262D3}.Release|x64.Build.0 = Release|x64
		{15F34DE5-52C4-4EB9-B0CC-B5597D8262D3}.Release|x86.ActiveCfg = Release|Win32
		{15F34DE5-52C4-4EB9-B0CC-B5597D8262D3}.Release|x86.Build.0 = Release|Win32
		{24BC38FA-69EB-44F4-A9C3-C9C6970F6636}.Debug|x64.ActiveCfg = Debug|x64
		{24BC38FA-69EB-44F4-A9C3-C9C6970F6636}.Debug|x64.Build.0 = Debug|x64
		{24BC38FA-69EB-44F4-A9C3-C9C6970F6636}.Debug|x86.ActiveCfg = Debug|Win32
		{24BC38FA-69EB-44F4-A9C3-C9C6970F6636}.Debug|x86.Build.0 = Debug|Win32
		{24BC38FA-69EB-44F4-A9C3-C9C6970F6636}.Release|x64.ActiveCfg = Release|x64
		{24BC38FA-69EB-44F4-A9C3-C9C6970F6636}.Release|x64.Build.0 = Release|x64
		{24BC38FA-69EB-44F4-A9C3-C9C6970F6636}.Release|x86.ActiveCfg = Release|Win32
		{24BC38FA-69EB-44F4-A9C3-C9C6970F6636}.Release|x86.Build.0 = Release|Win32
		{F69A69AE-B201-4676-8505-12C69A16C545}.Debug|x64.ActiveCfg = Debug|x64
		{F69A69AE-B201-4676-8505-12C69A16C545}.Debug|x64.Build.0 = Debug|x64
		{F69A69AE-B201-4676-8505-12C69A16C545}.Debug|x86.ActiveCfg = Debug|Win32
		{F69A69AE-B201-4676-8505-12C69A16C545}.Debug|x86.Build.0 = Debug|Win32
		{F69A69AE-B201-4676-8505-12C69A16C545}.Release|x64.ActiveCfg = Release|x64
		{F69A69AE-B201-4676-8505-12C69A16C545}.Release|x64.Build.0 = Release|x64
		{F69A69AE-B201-4676-8505-12C69A16C545}.Release|x86.ActiveCfg = Release|Win32
		{F69A69AE-B201-4676-8505-12C69A16C545}.Release|x86.Build.0 = Release|Win32
		{6BFDBA4E-A47F-4C4F-8707-8A63881737D2}.Debug|x64.ActiveCfg = Debug|x64
		{6BFDBA4E-A47F-4C4F-8707-8A63881737D2}.Debug|x64.Build.0 = Debug|x64
		{6BFDBA4E-A47F-4C4F-8707-8A63881737D2}.Debug|x86.ActiveCfg = Debug|Win32
		{6BFDBA4E-A47F-4C4F-8707-8A63881737D2}.Debug|x86.Build.0 = Debug|Win32
		{6BFDBA4E-A47F-4C4F-8707-8A63881737D2}.Release|x64.ActiveCfg = Release|x64
		{6BFDBA4E-A47F-4C4F-8707-8A63881737D2}.Release|x64.Build.0 = Release|x64
		{6BFDBA4E-A47F-4C4F-8707-8A63881737D2}.Release|x86.ActiveCfg = Release|Win32
		{6BFDBA4E-A47F-4C4F-8707-8A63881737D2}.Release|x86.Build.0 = Release|Win32
		{59CB438E-BD9D-4877-B8A3-155638855D98}.Debug|x64.ActiveCfg = Debug|x64
		{59CB438E-BD9D-4877-B8A3-155638855D98}.Debug|x64.Build.0 = Debug|x64
		{59CB438E-BD9D-4877-B8A3-155638855D98}.Debug|x86.ActiveCfg = Debug|Win32
		{59CB438E-BD9D-4877-B8A3-155638855D98}.Debug|x86.Build.0 = Debug|Win32
		{59CB438E-BD9D-4877-B8A3-155638855D98}.Release|x64.ActiveCfg = Release|x64
		{59CB438E-BD9D-4877-B8A3-155638855D98}.Release|x64.Build.0 = Release|x64
		{59CB438E-BD9D-4877-B8A3-155638855D98}.Release|x86.ActiveCfg = Release|Win32
		{59CB438E-BD9D-4877-B8A3-155638855D98}.Release|x86.Build.0 = Release|Win32
		{C816281C-31BB-4BB0-8907-B565DE9E600C}.Debug|x64.ActiveCfg = Debug|x64
		{C816281C-31BB-4BB0-8907-B565DE9E600C}.Debug|x64.Build.0 = Debug|x64
		{C816281C-31BB-4BB0-8907-B565DE9E600C}.Debug|x86.ActiveCfg = Debug|Win32
		{C816281C-31BB-4BB0-8907-B565DE9E600C}.Debug|x86.Build.0 = Debug|Win32
		{C816281C-31BB-4BB0-8907-B565DE9E600C}.Release|x64.ActiveCfg = Release|x64
		{C816281C-31BB-4BB0-8907-B565DE9E600C}.Release|x64.Build.0 = Release|x64
		{C816281C-31BB-4BB0-8907-B565DE9E600C}.Release|x86.ActiveCfg = Release|Win32
		{C816281C-31BB-4BB0-8907-B565DE9E600C}.Release|x86.Build.0 = Release|Win32
		{F92E5C3B-A56B-4796-8924-1B15A189BE0B}.Debug|x64.ActiveCfg = Debug|x64
		{F92E5C3B-A56B-4796-8924-1B15A189BE0B}.Debug|x64.Build.0 = Debug|x64
		{F92E5C3B-A56B-4796-8924-1B15A189BE0B}.Debug|x86.ActiveCfg = Debug|Win32
		{F92E5C3B-A56B-4796-8924-1B15A189BE0B}.Debug|x86.Build.0 = Debug|Win32
		{F92E5C3B-A56B-4796-8924-1B15A189BE0B}.Release|x64.ActiveCfg = Release|x64
		{F92E5C3B-A56B-4796-8924-1B15A189BE0B}.Release|x64.Build.0 = Release|x64
		{F92E5C3B-A56B-4796-8924-1B15A189BE0B}.Release|x86.ActiveCfg = Release|Win32
		{F92E5C3B-A56B-4796-8924-1B15A189BE0B}.Release|x86.Build.0 = Release|Win32
		{A42227CC-4F3A-4D4F-B1B0-39B397600618}.Debug|x64.ActiveCfg = Debug|x64
		{A42227CC-4F3A-4D4F-B1B0-39B397600618}.Debug|x64.Build.0 = Debug|x64
		{A42227CC-4F3A-4D4F-B1B0-39B397600618}.Debug|x86.ActiveCfg = Debug|Win32
		{A42227CC-4F3A-4D4F-B1B0-39B397600618}.Debug|x86.Build.0 = Debug|Win32
		{A42227CC-4F3A-4D4F-B1B0-39B397600618}.Release|x64.ActiveCfg = Release|x64
		{A42227CC-4F3A-4D4F-B1B0-39B397600618}.Release|x64.Build.0 = Release|x64
		{A42227CC-4F3A-4D4F-B1B0-39B397600618}.Release|x86.ActiveCfg = Release|Win32
		{A42227CC-4F3A-4D4F-B1B0-39B397600618}.Release|x86.Build.0 = Release|Win32
		{5E1520E1-0FF6-4144-B2A1-1A0EBE0B88F4}.Debug|x64.ActiveCfg = Debug|x64
		{5E1520E1-0FF6-4144-B2A1-1A0EBE0B88F4}.Debug|x64.Build.0 = Debug|x64
		{5E1520E1-0FF6-4144-B2A1-1A0EBE0B88F4}.Debug|x86.ActiveCfg = Debug|Win32
		{5E1520E1-0FF6-4144-B2A1-1A0EBE0B88F4}.Debug|x86.Build.0 = Debug|Win32
		{5E1520E1-0FF6-4144-B2A1-1A0EBE0B88F4}.Release|x64.ActiveCfg = Release|x64
		{5E1520E1-0FF6-4144-B2A1-1A0EBE0B88F4}.Release|x64.Build.0 = Release|x64
		{5E1520E1-0FF6-4144-B2A1-1A0EBE0B88F4}.Release|x86.ActiveCfg = Release|Win32
		{5E1520E1-0FF6-4144-B2A1-1A0EBE0B88F4}.Release|x86.Build.0 = Release|Win32
		{F87965C4-531B-40CA-B573-961A28D8EEC8}.Debug|x64.ActiveCfg = Debug|x64
		{F87965C4-531B-40CA-B573-961A28D8EEC8}.Debug|x64.Build.0 = Debug|x64
		{F87965C4-531B-40CA-B573-961A28D8EEC8}.Debug|x86.ActiveCfg = Debug|Win32
		{F87965C4-531B-40CA-B573-961A28D8EEC8}.Debug|x86.Build.0 = Debug|Win32
		{F87965C4-531B-40CA-B573-961A28D8EEC8}.Release|x64.ActiveCfg = Release|x64
		{F87965C4-531B-40CA-B573-961A28D8EEC8}.Release|x64.Build.0 = Release|x64
		{F87965C4-531B-40CA-B573-961A28D8EEC8}.Release|x86.ActiveCfg = Release|Win32
		{F87965C4-531B-40CA-B573-961A28D8EEC8}.Release|x86.Build.0 = Release|Win32
		{85025DB9-D484-454D-B7C0-29F11E55F326}.Debug|x64.ActiveCfg = Debug|x64
		{85025DB9-D484-454D-B7C0-29F11E55F326}.Debug|x64.Build.0 = Debug|x64
		{85025DB9-D484-454D-B7C0-29F11E55F326}.Debug|x86.ActiveCfg = Debug|Win32
		{85025DB9-D484-454D-B7C0-29F11E55F326}.Debug|x86.Build.0 = Debug|Win32
		{85025DB9-D484-454D-B7C0-29F11E55F326}.Release|x64.ActiveCfg = Release|x64
		{85025DB9-D484-454D-B7C0-29F11E55F326}.Release|x64.Build.0 = Release|x64
		{85025DB9-D484-454D-B7C0-29F11E55F326}.Release|x86.ActiveCfg = Release|Win32
		{85025DB9-D484-454D-B7C0-29F11E55F326}.Release|x86.Build.0 = Release|Win32
		{A445A2BF-D113-4038-9766-72BA0472B821}.Debug|x64.ActiveCfg = Debug|x64
		{A445A2BF-D113-4038-9766-72BA0472B821}.Debug|x64.Build.0 = Debug|x64
		{A445A2BF-D113-4038-9766-72BA0472B821}.Debug|x86.ActiveCfg = Debug|Win32
		{A445A2BF-D113-4038-9766-72BA0472B821}.Debug|x86.Build.0 = Debug|Win32
		{A445A2BF-D113-4038-9766-72BA0472B821}.Release|x64.ActiveCfg = Release|x64
		{A445A2BF-D113-4038-9766-72BA0472B821}.Release|x64.Build.0 = Release|x64
		{A445A2BF-D113-4038-9766-72BA0472B821}.Release|x86.ActiveCfg = Release|Win32
		{A445A2BF-D113-4038-9766-72BA0472B821}.Release|x86.Build.0 = Release|Win32
		{2A817822-1C69-44A2-A1DC-8492E4C62001}.Debug|x64.ActiveCfg = Debug|x64
		{2A817822-1C69-44A2-A1DC-8492E4C62001}.Debug|x64.Build.0 = Debug|x64
		{2A817822-1C69-44A2-A1DC-8492E4C62001}.Debug|x86.ActiveCfg = Debug|Win32
		{2A817822-1C69-44A2-A1DC-8492E4C62001}.Debug|x86.Build.0 = Debug|Win32
		{2A817822-1C69-44A2-A1DC-8492E4C62001}.Release|x64.ActiveCfg = Release|x64
		{2A817822-1C69-44A2-A1DC-8492E4C62001}.Release|x64.Build.0 = Release|x64
		{2A817822-1C69-44A2-A1DC-8492E4C62001}.Release|x86.ActiveCfg = Release|Win32
		{2A817822-1C69-44A2-A1DC-8492E4C62001}.Release|x86.Build.0 = Release|Win32
	EndGlobalSection
	GlobalSection(SolutionProperties) = preSolution
		HideSolutionNode = FALSE
	EndGlobalSection
	GlobalSection(ExtensibilityGlobals) = postSolution
		SolutionGuid = {31B91C39-22B3-4E28-90BE-D800117F30EC}
	EndGlobalSection
EndGlobal
