
Microsoft Visual Studio Solution File, Format Version 12.00
# Visual Studio Version 16
VisualStudioVersion = 16.0.32602.291
MinimumVisualStudioVersion = 10.0.40219.1
Project("{8BC9CEB8-8B4A-11D0-8D11-00A0C91BC942}") = "ITMP.CPLUSPLUS.Ex1.1", "ITMP.CPLUSPLUS.Labs\ITMP.CPLUSPLUS.Labs.vcxproj", "{15F34DE5-52C4-4EB9-B0CC-B5597D8262D3}"
EndProject
Project("{8BC9CEB8-8B4A-11D0-8D11-00A0C91BC942}") = "ITMO.CPLUSPLUS.Ex1.2", "ITMO.CPLUSPLUS.Ex2\ITMO.CPLUSPLUS.Ex2.vcxproj", "{24BC38FA-69EB-44F4-A9C3-C9C6970F6636}"
EndProject
Project("{8BC9CEB8-8B4A-11D0-8D11-00A0C91BC942}") = "ITMO.CPLUSPLUS.Ex1.3", "ITMO.CPLUSPLUS.Ex2.3\ITMO.CPLUSPLUS.Ex2.3.vcxproj", "{F69A69AE-B201-4676-8505-12C69A16C545}"
EndProject
Project("{8BC9CEB8-8B4A-11D0-8D11-00A0C91BC942}") = "ITMO.CPLUSPLUS.Ex1.Lab1", "ITMO.CPLUSPLUS.Ex2.Lab1\ITMO.CPLUSPLUS.Ex2.Lab1.vcxproj", "{6BFDBA4E-A47F-4C4F-8707-8A63881737D2}"
EndProject
Project("{8BC9CEB8-8B4A-11D0-8D11-00A0C91BC942}") = "ITMO.CPLUSPLUS.Ex2.1.1", "ITMO.CPLUSPLUS.Ex2.1\ITMO.CPLUSPLUS.Ex2.1.vcxproj", "{59CB438E-BD9D-4877-B8A3-155638855D98}"
EndProject
Project("{8BC9CEB8-8B4A-11D0-8D11-00A0C91BC942}") = "ITMP.CPLUSPLUS.Ex2.1.2", "ITMP.CPLUSPLUS.Ex2.2\ITMP.CPLUSPLUS.Ex2.2.vcxproj", "{C816281C-31BB-4BB0-8907-B565DE9E600C}"
EndProject
Project("{8BC9CEB8-8B4A-11D0-8D11-00A0C91BC942}") = "ITMO.CPLUSPLUS.Ex2.2.1", "ITMO.CPLUSPLUS.Ex2.2.1\ITMO.CPLUSPLUS.Ex2.2.1.vcxproj", "{F92E5C3B-A56B-4796-8924-1B15A189BE0B}"
EndProject
Project("{8BC9CEB8-8B4A-11D0-8D11-00A0C91BC942}") = "ITMO.CPLUSPLUS.Ex2.2.2", "ITMO.CPLUSPLUS.Ex2.2.2\ITMO.CPLUSPLUS.Ex2.2.2.vcxproj", "{A42227CC-4F3A-4D4F-B1B0-39B397600618}"
EndProject
Project("{8BC9CEB8-8B4A-11D0-8D11-00A0C91BC942}") = "ITMO.CPLUSPLUS.Ex2.2.3", "ITMO.CPLUSPLUS.Ex2.2.3\ITMO.CPLUSPLUS.Ex2.2.3.vcxproj", "{5E1520E1-0FF6-4144-B2A1-1A0EBE0B88F4}"
EndProject
Project("{8BC9CEB8-8B4A-11D0-8D11-00A0C91BC942}") = "ITMO.CPLUSPLUS.Ex2.Laba1", "ITMO.CPLUSPLUS.Ex2.Laba1\ITMO.CPLUSPLUS.Ex2.Laba1.vcxproj", "{F87965C4-531B-40CA-B573-961A28D8EEC8}"
EndProject
Project("{8BC9CEB8-8B4A-11D0-8D11-00A0C91BC942}") = "ITMO.CPLUSPLUS.Ex2.Laba2", "ITMO.CPLUSPLUS.Ex2.Laba2\ITMO.CPLUSPLUS.Ex2.Laba2.vcxproj", "{85025DB9-D484-454D-B7C0-29F11E55F326}"
EndProject
Project("{8BC9CEB8-8B4A-11D0-8D11-00A0C91BC942}") = "ITMO.CPLUSPLUS.Ex2.Laba3", "ITMO.CPLUSPLUS.Ex2.Laba3\ITMO.CPLUSPLUS.Ex2.Laba3.vcxproj", "{A445A2BF-D113-4038-9766-72BA0472B821}"
EndProject
Project("{8BC9CEB8-8B4A-11D0-8D11-00A0C91BC942}") = "ITMO.CPLUSCPLUS.Ex2.Laba4", "ITMO.CPLUSCPLUS.Ex2.Laba4\ITMO.CPLUSCPLUS.Ex2.Laba4.vcxproj", "{2A817822-1C69-44A2-A1DC-8492E4C62001}"
EndProject
Project("{2150E333-8FDC-42A3-9474-1A3956D46DE8}") = "Контрольные задания", "Контрольные задания", "{AC03003C-E37C-454B-B81D-A8C942915CAC}"
EndProject
Project("{8BC9CEB8-8B4A-11D0-8D11-00A0C91BC942}") = "ITMP.CPLUSPLUS.Ex3.1.1", "ITMP.CPLUSPLUS.Ex3.1\ITMP.CPLUSPLUS.Ex3.1.vcxproj", "{94CFF5D7-71BD-4A35-B932-33B83224E77A}"
EndProject
Project("{8BC9CEB8-8B4A-11D0-8D11-00A0C91BC942}") = "ITMP.CPLUSPLUS.Ex3.1.2", "ITMP.CPLUSPLUS.Ex3.2\ITMP.CPLUSPLUS.Ex3.2.vcxproj", "{BA2B7BCB-E55D-44F2-9FD5-A1720F33CECC}"
EndProject
Project("{8BC9CEB8-8B4A-11D0-8D11-00A0C91BC942}") = "ITMP.CPLUSPLUS.Ex3.2.1", "ITMP.CPLUSPLUS.Ex3.2.1\ITMP.CPLUSPLUS.Ex3.2.1.vcxproj", "{14BDACF6-0D40-4628-85D5-2ACB609F7F2B}"
EndProject
Project("{8BC9CEB8-8B4A-11D0-8D11-00A0C91BC942}") = "ITMP.CPLUSPLUS.Ex3.3", "ITMP.CPLUSPLUS.Ex3.3\ITMP.CPLUSPLUS.Ex3.3.vcxproj", "{0FAE5758-4338-4A61-A35C-C877B70C2D15}"
EndProject
Project("{8BC9CEB8-8B4A-11D0-8D11-00A0C91BC942}") = "ITMP.CPLUSPLUS.Ex3.4.1", "ITMP.CPLUSPLUS.Ex3.4.1\ITMP.CPLUSPLUS.Ex3.4.1.vcxproj", "{29C6D8B2-B6DD-4D02-BCB5-092D75EB9F42}"
EndProject
Project("{8BC9CEB8-8B4A-11D0-8D11-00A0C91BC942}") = "ITMO.CPLUSCPLUS.Ex3.Lab1", "ITMO.CPLUSCPLUS.Ex3.Lab1\ITMO.CPLUSCPLUS.Ex3.Lab1.vcxproj", "{E8A8563F-3329-4A50-90EA-AEDCEB9E869D}"
EndProject
Project("{8BC9CEB8-8B4A-11D0-8D11-00A0C91BC942}") = "ITMO.CPLUSCPLUS.Ex3.Lab2", "ITMO.CPLUSCPLUS.Ex3.Lab2\ITMO.CPLUSCPLUS.Ex3.Lab2.vcxproj", "{C8FEB4B3-B570-47F9-B658-841EA0E1F842}"
EndProject
Project("{8BC9CEB8-8B4A-11D0-8D11-00A0C91BC942}") = "ITMO.CPLUSPLUS.Ex3.Laba4", "ITMO.CPLUSPLUS.Ex3.Laba4\ITMO.CPLUSPLUS.Ex3.Laba4.vcxproj", "{E7119667-28BF-472F-A421-C0DE42C8F141}"
EndProject
Project("{2150E333-8FDC-42A3-9474-1A3956D46DE8}") = "Практическое задание 4", "Практическое задание 4", "{3D41F01A-E868-4AB0-A455-5125C1E3BA60}"
EndProject
Project("{8BC9CEB8-8B4A-11D0-8D11-00A0C91BC942}") = "ITMO.CPLUSPLUS.Ex4.1", "ITMO.CPLUSPLUS.Ex4.1\ITMO.CPLUSPLUS.Ex4.1.vcxproj", "{07C2739D-A4E5-4ABE-8BAF-78C3D354EF31}"
EndProject
Project("{8BC9CEB8-8B4A-11D0-8D11-00A0C91BC942}") = "ITMO.CPLUSPLUS.Ex4.2", "ITMO.CPLUSPLUS.Ex4.2\ITMO.CPLUSPLUS.Ex4.2.vcxproj", "{D31DCA38-91B3-413F-B74D-464B2AFCC4DE}"
EndProject
Project("{8BC9CEB8-8B4A-11D0-8D11-00A0C91BC942}") = "ITMO.CPLUSCPLUS.Ex4.Lab1", "ITMO.CPLUSCPLUS.Ex4.Lab1\ITMO.CPLUSCPLUS.Ex4.Lab1.vcxproj", "{2FF87A86-8B09-4134-8CD2-46E7088206AA}"
EndProject
Project("{8BC9CEB8-8B4A-11D0-8D11-00A0C91BC942}") = "ITMO.CPLUSCPLUS.Ex4.Lab2", "ITMO.CPLUSCPLUS.Ex4.Lab2\ITMO.CPLUSCPLUS.Ex4.Lab2.vcxproj", "{C89A2D3F-ACDB-481C-910F-5199F7AA3650}"
EndProject
Project("{2150E333-8FDC-42A3-9474-1A3956D46DE8}") = "Практическое задание 5", "Практическое задание 5", "{F0D72753-45D6-46B5-A479-E24BE825E803}"
EndProject
Project("{8BC9CEB8-8B4A-11D0-8D11-00A0C91BC942}") = "ITMO.CPLUSCPLUS.Ex5.1", "ITMO.CPLUSCPLUS.Ex5.1\ITMO.CPLUSCPLUS.Ex5.1.vcxproj", "{7FA8ED3F-D566-46D6-BD16-F400C99669FE}"
EndProject
Project("{8BC9CEB8-8B4A-11D0-8D11-00A0C91BC942}") = "ITMO.CPLUSCPLUS.Ex5.2", "ITMO.CPLUSCPLUS.Ex5.2\ITMO.CPLUSCPLUS.Ex5.2.vcxproj", "{9A7BBDCF-DC04-4349-AFC5-B1AC6C49B8A8}"
EndProject
Project("{8BC9CEB8-8B4A-11D0-8D11-00A0C91BC942}") = "ITMO.CPLUSCPLUS.Ex5.3", "ITMO.CPLUSCPLUS.Ex5.3\ITMO.CPLUSCPLUS.Ex5.3.vcxproj", "{49000DA4-1090-4EE5-984A-947B008CF902}"
EndProject
Project("{8BC9CEB8-8B4A-11D0-8D11-00A0C91BC942}") = "ITMO.CPLUSCPLUS.Ex5.5", "ITMO.CPLUSCPLUS.Ex5.4\ITMO.CPLUSCPLUS.Ex5.4.vcxproj", "{3FC70642-3E3A-4589-83F3-5DA5B358A367}"
EndProject
Project("{8BC9CEB8-8B4A-11D0-8D11-00A0C91BC942}") = "ITMO.CPLUSCPLUS.Ex5Lab2", "ITMO.CPLUSCPLUS.Ex5Lab2\ITMO.CPLUSCPLUS.Ex5Lab2.vcxproj", "{901484FE-7092-47F6-A6BD-9A1FA502461D}"
EndProject
Project("{2150E333-8FDC-42A3-9474-1A3956D46DE8}") = "Практическое задание 6", "Практическое задание 6", "{32470C3A-DE00-4834-BCEA-545F8F73E33F}"
EndProject
Project("{8BC9CEB8-8B4A-11D0-8D11-00A0C91BC942}") = "ITMO.CPLUSCPLUS.Ex6Lab1", "ITMO.CPLUSCPLUS.Ex6Lab1\ITMO.CPLUSCPLUS.Ex6Lab1.vcxproj", "{DA19539B-80AB-471F-8FCB-8495E48C24EF}"
EndProject
Project("{8BC9CEB8-8B4A-11D0-8D11-00A0C91BC942}") = "ITMO.CPLUSCPLUS.Ex6.1", "ITMO.CPLUSCPLUS.Ex6.1\ITMO.CPLUSCPLUS.Ex6.1.vcxproj", "{6F3CF859-1795-4E0A-811C-9B3083442814}"
EndProject
Project("{8BC9CEB8-8B4A-11D0-8D11-00A0C91BC942}") = "ITMO.CPLUSCPLUS.Ex6Lab2", "ITMO.CPLUSCPLUS.Ex6Lab2\ITMO.CPLUSCPLUS.Ex6Lab2.vcxproj", "{CD010617-F45F-4237-9171-EAF57333AB7B}"
EndProject
Project("{2150E333-8FDC-42A3-9474-1A3956D46DE8}") = "Практическое задание 7", "Практическое задание 7", "{74F45B8D-1479-4611-AD8C-1F78814E47A8}"
EndProject
Project("{8BC9CEB8-8B4A-11D0-8D11-00A0C91BC942}") = "ITMO.CPLUSCPLUS.Ex7Lab1", "ITMO.CPLUSCPLUS.Ex7Lab1\ITMO.CPLUSCPLUS.Ex7Lab1.vcxproj", "{FA91390B-2434-4503-8595-3161E1405A18}"
EndProject
Project("{8BC9CEB8-8B4A-11D0-8D11-00A0C91BC942}") = "ITMO.CPLUSCPLUS.Ex7.1", "ITMO.CPLUSCPLUS.Ex7.1\ITMO.CPLUSCPLUS.Ex7.1.vcxproj", "{FE869D1A-924D-42AF-8B32-A610A0A162D0}"
EndProject
Global
	GlobalSection(SolutionConfigurationPlatforms) = preSolution
		Debug|x64 = Debug|x64
		Debug|x86 = Debug|x86
		Release|x64 = Release|x64
		Release|x86 = Release|x86
	EndGlobalSection
	GlobalSection(ProjectConfigurationPlatforms) = postSolution
		{15F34DE5-52C4-4EB9-B0CC-B5597D8262D3}.Debug|x64.ActiveCfg = Debug|x64
		{15F34DE5-52C4-4EB9-B0CC-B5597D8262D3}.Debug|x64.Build.0 = Debug|x64
		{15F34DE5-52C4-4EB9-B0CC-B5597D8262D3}.Debug|x86.ActiveCfg = Debug|Win32
		{15F34DE5-52C4-4EB9-B0CC-B5597D8262D3}.Debug|x86.Build.0 = Debug|Win32
		{15F34DE5-52C4-4EB9-B0CC-B5597D8262D3}.Release|x64.ActiveCfg = Release|x64
		{15F34DE5-52C4-4EB9-B0CC-B5597D8262D3}.Release|x64.Build.0 = Release|x64
		{15F34DE5-52C4-4EB9-B0CC-B5597D8262D3}.Release|x86.ActiveCfg = Release|Win32
		{15F34DE5-52C4-4EB9-B0CC-B5597D8262D3}.Release|x86.Build.0 = Release|Win32
		{24BC38FA-69EB-44F4-A9C3-C9C6970F6636}.Debug|x64.ActiveCfg = Debug|x64
		{24BC38FA-69EB-44F4-A9C3-C9C6970F6636}.Debug|x64.Build.0 = Debug|x64
		{24BC38FA-69EB-44F4-A9C3-C9C6970F6636}.Debug|x86.ActiveCfg = Debug|Win32
		{24BC38FA-69EB-44F4-A9C3-C9C6970F6636}.Debug|x86.Build.0 = Debug|Win32
		{24BC38FA-69EB-44F4-A9C3-C9C6970F6636}.Release|x64.ActiveCfg = Release|x64
		{24BC38FA-69EB-44F4-A9C3-C9C6970F6636}.Release|x64.Build.0 = Release|x64
		{24BC38FA-69EB-44F4-A9C3-C9C6970F6636}.Release|x86.ActiveCfg = Release|Win32
		{24BC38FA-69EB-44F4-A9C3-C9C6970F6636}.Release|x86.Build.0 = Release|Win32
		{F69A69AE-B201-4676-8505-12C69A16C545}.Debug|x64.ActiveCfg = Debug|x64
		{F69A69AE-B201-4676-8505-12C69A16C545}.Debug|x64.Build.0 = Debug|x64
		{F69A69AE-B201-4676-8505-12C69A16C545}.Debug|x86.ActiveCfg = Debug|Win32
		{F69A69AE-B201-4676-8505-12C69A16C545}.Debug|x86.Build.0 = Debug|Win32
		{F69A69AE-B201-4676-8505-12C69A16C545}.Release|x64.ActiveCfg = Release|x64
		{F69A69AE-B201-4676-8505-12C69A16C545}.Release|x64.Build.0 = Release|x64
		{F69A69AE-B201-4676-8505-12C69A16C545}.Release|x86.ActiveCfg = Release|Win32
		{F69A69AE-B201-4676-8505-12C69A16C545}.Release|x86.Build.0 = Release|Win32
		{6BFDBA4E-A47F-4C4F-8707-8A63881737D2}.Debug|x64.ActiveCfg = Debug|x64
		{6BFDBA4E-A47F-4C4F-8707-8A63881737D2}.Debug|x64.Build.0 = Debug|x64
		{6BFDBA4E-A47F-4C4F-8707-8A63881737D2}.Debug|x86.ActiveCfg = Debug|Win32
		{6BFDBA4E-A47F-4C4F-8707-8A63881737D2}.Debug|x86.Build.0 = Debug|Win32
		{6BFDBA4E-A47F-4C4F-8707-8A63881737D2}.Release|x64.ActiveCfg = Release|x64
		{6BFDBA4E-A47F-4C4F-8707-8A63881737D2}.Release|x64.Build.0 = Release|x64
		{6BFDBA4E-A47F-4C4F-8707-8A63881737D2}.Release|x86.ActiveCfg = Release|Win32
		{6BFDBA4E-A47F-4C4F-8707-8A63881737D2}.Release|x86.Build.0 = Release|Win32
		{59CB438E-BD9D-4877-B8A3-155638855D98}.Debug|x64.ActiveCfg = Debug|x64
		{59CB438E-BD9D-4877-B8A3-155638855D98}.Debug|x64.Build.0 = Debug|x64
		{59CB438E-BD9D-4877-B8A3-155638855D98}.Debug|x86.ActiveCfg = Debug|Win32
		{59CB438E-BD9D-4877-B8A3-155638855D98}.Debug|x86.Build.0 = Debug|Win32
		{59CB438E-BD9D-4877-B8A3-155638855D98}.Release|x64.ActiveCfg = Release|x64
		{59CB438E-BD9D-4877-B8A3-155638855D98}.Release|x64.Build.0 = Release|x64
		{59CB438E-BD9D-4877-B8A3-155638855D98}.Release|x86.ActiveCfg = Release|Win32
		{59CB438E-BD9D-4877-B8A3-155638855D98}.Release|x86.Build.0 = Release|Win32
		{C816281C-31BB-4BB0-8907-B565DE9E600C}.Debug|x64.ActiveCfg = Debug|x64
		{C816281C-31BB-4BB0-8907-B565DE9E600C}.Debug|x64.Build.0 = Debug|x64
		{C816281C-31BB-4BB0-8907-B565DE9E600C}.Debug|x86.ActiveCfg = Debug|Win32
		{C816281C-31BB-4BB0-8907-B565DE9E600C}.Debug|x86.Build.0 = Debug|Win32
		{C816281C-31BB-4BB0-8907-B565DE9E600C}.Release|x64.ActiveCfg = Release|x64
		{C816281C-31BB-4BB0-8907-B565DE9E600C}.Release|x64.Build.0 = Release|x64
		{C816281C-31BB-4BB0-8907-B565DE9E600C}.Release|x86.ActiveCfg = Release|Win32
		{C816281C-31BB-4BB0-8907-B565DE9E600C}.Release|x86.Build.0 = Release|Win32
		{F92E5C3B-A56B-4796-8924-1B15A189BE0B}.Debug|x64.ActiveCfg = Debug|x64
		{F92E5C3B-A56B-4796-8924-1B15A189BE0B}.Debug|x64.Build.0 = Debug|x64
		{F92E5C3B-A56B-4796-8924-1B15A189BE0B}.Debug|x86.ActiveCfg = Debug|Win32
		{F92E5C3B-A56B-4796-8924-1B15A189BE0B}.Debug|x86.Build.0 = Debug|Win32
		{F92E5C3B-A56B-4796-8924-1B15A189BE0B}.Release|x64.ActiveCfg = Release|x64
		{F92E5C3B-A56B-4796-8924-1B15A189BE0B}.Release|x64.Build.0 = Release|x64
		{F92E5C3B-A56B-4796-8924-1B15A189BE0B}.Release|x86.ActiveCfg = Release|Win32
		{F92E5C3B-A56B-4796-8924-1B15A189BE0B}.Release|x86.Build.0 = Release|Win32
		{A42227CC-4F3A-4D4F-B1B0-39B397600618}.Debug|x64.ActiveCfg = Debug|x64
		{A42227CC-4F3A-4D4F-B1B0-39B397600618}.Debug|x64.Build.0 = Debug|x64
		{A42227CC-4F3A-4D4F-B1B0-39B397600618}.Debug|x86.ActiveCfg = Debug|Win32
		{A42227CC-4F3A-4D4F-B1B0-39B397600618}.Debug|x86.Build.0 = Debug|Win32
		{A42227CC-4F3A-4D4F-B1B0-39B397600618}.Release|x64.ActiveCfg = Release|x64
		{A42227CC-4F3A-4D4F-B1B0-39B397600618}.Release|x64.Build.0 = Release|x64
		{A42227CC-4F3A-4D4F-B1B0-39B397600618}.Release|x86.ActiveCfg = Release|Win32
		{A42227CC-4F3A-4D4F-B1B0-39B397600618}.Release|x86.Build.0 = Release|Win32
		{5E1520E1-0FF6-4144-B2A1-1A0EBE0B88F4}.Debug|x64.ActiveCfg = Debug|x64
		{5E1520E1-0FF6-4144-B2A1-1A0EBE0B88F4}.Debug|x64.Build.0 = Debug|x64
		{5E1520E1-0FF6-4144-B2A1-1A0EBE0B88F4}.Debug|x86.ActiveCfg = Debug|Win32
		{5E1520E1-0FF6-4144-B2A1-1A0EBE0B88F4}.Debug|x86.Build.0 = Debug|Win32
		{5E1520E1-0FF6-4144-B2A1-1A0EBE0B88F4}.Release|x64.ActiveCfg = Release|x64
		{5E1520E1-0FF6-4144-B2A1-1A0EBE0B88F4}.Release|x64.Build.0 = Release|x64
		{5E1520E1-0FF6-4144-B2A1-1A0EBE0B88F4}.Release|x86.ActiveCfg = Release|Win32
		{5E1520E1-0FF6-4144-B2A1-1A0EBE0B88F4}.Release|x86.Build.0 = Release|Win32
		{F87965C4-531B-40CA-B573-961A28D8EEC8}.Debug|x64.ActiveCfg = Debug|x64
		{F87965C4-531B-40CA-B573-961A28D8EEC8}.Debug|x64.Build.0 = Debug|x64
		{F87965C4-531B-40CA-B573-961A28D8EEC8}.Debug|x86.ActiveCfg = Debug|Win32
		{F87965C4-531B-40CA-B573-961A28D8EEC8}.Debug|x86.Build.0 = Debug|Win32
		{F87965C4-531B-40CA-B573-961A28D8EEC8}.Release|x64.ActiveCfg = Release|x64
		{F87965C4-531B-40CA-B573-961A28D8EEC8}.Release|x64.Build.0 = Release|x64
		{F87965C4-531B-40CA-B573-961A28D8EEC8}.Release|x86.ActiveCfg = Release|Win32
		{F87965C4-531B-40CA-B573-961A28D8EEC8}.Release|x86.Build.0 = Release|Win32
		{85025DB9-D484-454D-B7C0-29F11E55F326}.Debug|x64.ActiveCfg = Debug|x64
		{85025DB9-D484-454D-B7C0-29F11E55F326}.Debug|x64.Build.0 = Debug|x64
		{85025DB9-D484-454D-B7C0-29F11E55F326}.Debug|x86.ActiveCfg = Debug|Win32
		{85025DB9-D484-454D-B7C0-29F11E55F326}.Debug|x86.Build.0 = Debug|Win32
		{85025DB9-D484-454D-B7C0-29F11E55F326}.Release|x64.ActiveCfg = Release|x64
		{85025DB9-D484-454D-B7C0-29F11E55F326}.Release|x64.Build.0 = Release|x64
		{85025DB9-D484-454D-B7C0-29F11E55F326}.Release|x86.ActiveCfg = Release|Win32
		{85025DB9-D484-454D-B7C0-29F11E55F326}.Release|x86.Build.0 = Release|Win32
		{A445A2BF-D113-4038-9766-72BA0472B821}.Debug|x64.ActiveCfg = Debug|x64
		{A445A2BF-D113-4038-9766-72BA0472B821}.Debug|x64.Build.0 = Debug|x64
		{A445A2BF-D113-4038-9766-72BA0472B821}.Debug|x86.ActiveCfg = Debug|Win32
		{A445A2BF-D113-4038-9766-72BA0472B821}.Debug|x86.Build.0 = Debug|Win32
		{A445A2BF-D113-4038-9766-72BA0472B821}.Release|x64.ActiveCfg = Release|x64
		{A445A2BF-D113-4038-9766-72BA0472B821}.Release|x64.Build.0 = Release|x64
		{A445A2BF-D113-4038-9766-72BA0472B821}.Release|x86.ActiveCfg = Release|Win32
		{A445A2BF-D113-4038-9766-72BA0472B821}.Release|x86.Build.0 = Release|Win32
		{2A817822-1C69-44A2-A1DC-8492E4C62001}.Debug|x64.ActiveCfg = Debug|x64
		{2A817822-1C69-44A2-A1DC-8492E4C62001}.Debug|x64.Build.0 = Debug|x64
		{2A817822-1C69-44A2-A1DC-8492E4C62001}.Debug|x86.ActiveCfg = Debug|Win32
		{2A817822-1C69-44A2-A1DC-8492E4C62001}.Debug|x86.Build.0 = Debug|Win32
		{2A817822-1C69-44A2-A1DC-8492E4C62001}.Release|x64.ActiveCfg = Release|x64
		{2A817822-1C69-44A2-A1DC-8492E4C62001}.Release|x64.Build.0 = Release|x64
		{2A817822-1C69-44A2-A1DC-8492E4C62001}.Release|x86.ActiveCfg = Release|Win32
		{2A817822-1C69-44A2-A1DC-8492E4C62001}.Release|x86.Build.0 = Release|Win32
		{94CFF5D7-71BD-4A35-B932-33B83224E77A}.Debug|x64.ActiveCfg = Debug|x64
		{94CFF5D7-71BD-4A35-B932-33B83224E77A}.Debug|x64.Build.0 = Debug|x64
		{94CFF5D7-71BD-4A35-B932-33B83224E77A}.Debug|x86.ActiveCfg = Debug|Win32
		{94CFF5D7-71BD-4A35-B932-33B83224E77A}.Debug|x86.Build.0 = Debug|Win32
		{94CFF5D7-71BD-4A35-B932-33B83224E77A}.Release|x64.ActiveCfg = Release|x64
		{94CFF5D7-71BD-4A35-B932-33B83224E77A}.Release|x64.Build.0 = Release|x64
		{94CFF5D7-71BD-4A35-B932-33B83224E77A}.Release|x86.ActiveCfg = Release|Win32
		{94CFF5D7-71BD-4A35-B932-33B83224E77A}.Release|x86.Build.0 = Release|Win32
		{BA2B7BCB-E55D-44F2-9FD5-A1720F33CECC}.Debug|x64.ActiveCfg = Debug|x64
		{BA2B7BCB-E55D-44F2-9FD5-A1720F33CECC}.Debug|x64.Build.0 = Debug|x64
		{BA2B7BCB-E55D-44F2-9FD5-A1720F33CECC}.Debug|x86.ActiveCfg = Debug|Win32
		{BA2B7BCB-E55D-44F2-9FD5-A1720F33CECC}.Debug|x86.Build.0 = Debug|Win32
		{BA2B7BCB-E55D-44F2-9FD5-A1720F33CECC}.Release|x64.ActiveCfg = Release|x64
		{BA2B7BCB-E55D-44F2-9FD5-A1720F33CECC}.Release|x64.Build.0 = Release|x64
		{BA2B7BCB-E55D-44F2-9FD5-A1720F33CECC}.Release|x86.ActiveCfg = Release|Win32
		{BA2B7BCB-E55D-44F2-9FD5-A1720F33CECC}.Release|x86.Build.0 = Release|Win32
		{14BDACF6-0D40-4628-85D5-2ACB609F7F2B}.Debug|x64.ActiveCfg = Debug|x64
		{14BDACF6-0D40-4628-85D5-2ACB609F7F2B}.Debug|x64.Build.0 = Debug|x64
		{14BDACF6-0D40-4628-85D5-2ACB609F7F2B}.Debug|x86.ActiveCfg = Debug|Win32
		{14BDACF6-0D40-4628-85D5-2ACB609F7F2B}.Debug|x86.Build.0 = Debug|Win32
		{14BDACF6-0D40-4628-85D5-2ACB609F7F2B}.Release|x64.ActiveCfg = Release|x64
		{14BDACF6-0D40-4628-85D5-2ACB609F7F2B}.Release|x64.Build.0 = Release|x64
		{14BDACF6-0D40-4628-85D5-2ACB609F7F2B}.Release|x86.ActiveCfg = Release|Win32
		{14BDACF6-0D40-4628-85D5-2ACB609F7F2B}.Release|x86.Build.0 = Release|Win32
		{0FAE5758-4338-4A61-A35C-C877B70C2D15}.Debug|x64.ActiveCfg = Debug|x64
		{0FAE5758-4338-4A61-A35C-C877B70C2D15}.Debug|x64.Build.0 = Debug|x64
		{0FAE5758-4338-4A61-A35C-C877B70C2D15}.Debug|x86.ActiveCfg = Debug|Win32
		{0FAE5758-4338-4A61-A35C-C877B70C2D15}.Debug|x86.Build.0 = Debug|Win32
		{0FAE5758-4338-4A61-A35C-C877B70C2D15}.Release|x64.ActiveCfg = Release|x64
		{0FAE5758-4338-4A61-A35C-C877B70C2D15}.Release|x64.Build.0 = Release|x64
		{0FAE5758-4338-4A61-A35C-C877B70C2D15}.Release|x86.ActiveCfg = Release|Win32
		{0FAE5758-4338-4A61-A35C-C877B70C2D15}.Release|x86.Build.0 = Release|Win32
		{29C6D8B2-B6DD-4D02-BCB5-092D75EB9F42}.Debug|x64.ActiveCfg = Debug|x64
		{29C6D8B2-B6DD-4D02-BCB5-092D75EB9F42}.Debug|x64.Build.0 = Debug|x64
		{29C6D8B2-B6DD-4D02-BCB5-092D75EB9F42}.Debug|x86.ActiveCfg = Debug|Win32
		{29C6D8B2-B6DD-4D02-BCB5-092D75EB9F42}.Debug|x86.Build.0 = Debug|Win32
		{29C6D8B2-B6DD-4D02-BCB5-092D75EB9F42}.Release|x64.ActiveCfg = Release|x64
		{29C6D8B2-B6DD-4D02-BCB5-092D75EB9F42}.Release|x64.Build.0 = Release|x64
		{29C6D8B2-B6DD-4D02-BCB5-092D75EB9F42}.Release|x86.ActiveCfg = Release|Win32
		{29C6D8B2-B6DD-4D02-BCB5-092D75EB9F42}.Release|x86.Build.0 = Release|Win32
		{E8A8563F-3329-4A50-90EA-AEDCEB9E869D}.Debug|x64.ActiveCfg = Debug|x64
		{E8A8563F-3329-4A50-90EA-AEDCEB9E869D}.Debug|x64.Build.0 = Debug|x64
		{E8A8563F-3329-4A50-90EA-AEDCEB9E869D}.Debug|x86.ActiveCfg = Debug|Win32
		{E8A8563F-3329-4A50-90EA-AEDCEB9E869D}.Debug|x86.Build.0 = Debug|Win32
		{E8A8563F-3329-4A50-90EA-AEDCEB9E869D}.Release|x64.ActiveCfg = Release|x64
		{E8A8563F-3329-4A50-90EA-AEDCEB9E869D}.Release|x64.Build.0 = Release|x64
		{E8A8563F-3329-4A50-90EA-AEDCEB9E869D}.Release|x86.ActiveCfg = Release|Win32
		{E8A8563F-3329-4A50-90EA-AEDCEB9E869D}.Release|x86.Build.0 = Release|Win32
		{C8FEB4B3-B570-47F9-B658-841EA0E1F842}.Debug|x64.ActiveCfg = Debug|x64
		{C8FEB4B3-B570-47F9-B658-841EA0E1F842}.Debug|x64.Build.0 = Debug|x64
		{C8FEB4B3-B570-47F9-B658-841EA0E1F842}.Debug|x86.ActiveCfg = Debug|Win32
		{C8FEB4B3-B570-47F9-B658-841EA0E1F842}.Debug|x86.Build.0 = Debug|Win32
		{C8FEB4B3-B570-47F9-B658-841EA0E1F842}.Release|x64.ActiveCfg = Release|x64
		{C8FEB4B3-B570-47F9-B658-841EA0E1F842}.Release|x64.Build.0 = Release|x64
		{C8FEB4B3-B570-47F9-B658-841EA0E1F842}.Release|x86.ActiveCfg = Release|Win32
		{C8FEB4B3-B570-47F9-B658-841EA0E1F842}.Release|x86.Build.0 = Release|Win32
		{E7119667-28BF-472F-A421-C0DE42C8F141}.Debug|x64.ActiveCfg = Debug|x64
		{E7119667-28BF-472F-A421-C0DE42C8F141}.Debug|x64.Build.0 = Debug|x64
		{E7119667-28BF-472F-A421-C0DE42C8F141}.Debug|x86.ActiveCfg = Debug|Win32
		{E7119667-28BF-472F-A421-C0DE42C8F141}.Debug|x86.Build.0 = Debug|Win32
		{E7119667-28BF-472F-A421-C0DE42C8F141}.Release|x64.ActiveCfg = Release|x64
		{E7119667-28BF-472F-A421-C0DE42C8F141}.Release|x64.Build.0 = Release|x64
		{E7119667-28BF-472F-A421-C0DE42C8F141}.Release|x86.ActiveCfg = Release|Win32
		{E7119667-28BF-472F-A421-C0DE42C8F141}.Release|x86.Build.0 = Release|Win32
		{07C2739D-A4E5-4ABE-8BAF-78C3D354EF31}.Debug|x64.ActiveCfg = Debug|x64
		{07C2739D-A4E5-4ABE-8BAF-78C3D354EF31}.Debug|x64.Build.0 = Debug|x64
		{07C2739D-A4E5-4ABE-8BAF-78C3D354EF31}.Debug|x86.ActiveCfg = Debug|Win32
		{07C2739D-A4E5-4ABE-8BAF-78C3D354EF31}.Debug|x86.Build.0 = Debug|Win32
		{07C2739D-A4E5-4ABE-8BAF-78C3D354EF31}.Release|x64.ActiveCfg = Release|x64
		{07C2739D-A4E5-4ABE-8BAF-78C3D354EF31}.Release|x64.Build.0 = Release|x64
		{07C2739D-A4E5-4ABE-8BAF-78C3D354EF31}.Release|x86.ActiveCfg = Release|Win32
		{07C2739D-A4E5-4ABE-8BAF-78C3D354EF31}.Release|x86.Build.0 = Release|Win32
		{D31DCA38-91B3-413F-B74D-464B2AFCC4DE}.Debug|x64.ActiveCfg = Debug|x64
		{D31DCA38-91B3-413F-B74D-464B2AFCC4DE}.Debug|x64.Build.0 = Debug|x64
		{D31DCA38-91B3-413F-B74D-464B2AFCC4DE}.Debug|x86.ActiveCfg = Debug|Win32
		{D31DCA38-91B3-413F-B74D-464B2AFCC4DE}.Debug|x86.Build.0 = Debug|Win32
		{D31DCA38-91B3-413F-B74D-464B2AFCC4DE}.Release|x64.ActiveCfg = Release|x64
		{D31DCA38-91B3-413F-B74D-464B2AFCC4DE}.Release|x64.Build.0 = Release|x64
		{D31DCA38-91B3-413F-B74D-464B2AFCC4DE}.Release|x86.ActiveCfg = Release|Win32
		{D31DCA38-91B3-413F-B74D-464B2AFCC4DE}.Release|x86.Build.0 = Release|Win32
		{2FF87A86-8B09-4134-8CD2-46E7088206AA}.Debug|x64.ActiveCfg = Debug|x64
		{2FF87A86-8B09-4134-8CD2-46E7088206AA}.Debug|x64.Build.0 = Debug|x64
		{2FF87A86-8B09-4134-8CD2-46E7088206AA}.Debug|x86.ActiveCfg = Debug|Win32
		{2FF87A86-8B09-4134-8CD2-46E7088206AA}.Debug|x86.Build.0 = Debug|Win32
		{2FF87A86-8B09-4134-8CD2-46E7088206AA}.Release|x64.ActiveCfg = Release|x64
		{2FF87A86-8B09-4134-8CD2-46E7088206AA}.Release|x64.Build.0 = Release|x64
		{2FF87A86-8B09-4134-8CD2-46E7088206AA}.Release|x86.ActiveCfg = Release|Win32
		{2FF87A86-8B09-4134-8CD2-46E7088206AA}.Release|x86.Build.0 = Release|Win32
		{C89A2D3F-ACDB-481C-910F-5199F7AA3650}.Debug|x64.ActiveCfg = Debug|x64
		{C89A2D3F-ACDB-481C-910F-5199F7AA3650}.Debug|x64.Build.0 = Debug|x64
		{C89A2D3F-ACDB-481C-910F-5199F7AA3650}.Debug|x86.ActiveCfg = Debug|Win32
		{C89A2D3F-ACDB-481C-910F-5199F7AA3650}.Debug|x86.Build.0 = Debug|Win32
		{C89A2D3F-ACDB-481C-910F-5199F7AA3650}.Release|x64.ActiveCfg = Release|x64
		{C89A2D3F-ACDB-481C-910F-5199F7AA3650}.Release|x64.Build.0 = Release|x64
		{C89A2D3F-ACDB-481C-910F-5199F7AA3650}.Release|x86.ActiveCfg = Release|Win32
		{C89A2D3F-ACDB-481C-910F-5199F7AA3650}.Release|x86.Build.0 = Release|Win32
		{7FA8ED3F-D566-46D6-BD16-F400C99669FE}.Debug|x64.ActiveCfg = Debug|x64
		{7FA8ED3F-D566-46D6-BD16-F400C99669FE}.Debug|x64.Build.0 = Debug|x64
		{7FA8ED3F-D566-46D6-BD16-F400C99669FE}.Debug|x86.ActiveCfg = Debug|Win32
		{7FA8ED3F-D566-46D6-BD16-F400C99669FE}.Debug|x86.Build.0 = Debug|Win32
		{7FA8ED3F-D566-46D6-BD16-F400C99669FE}.Release|x64.ActiveCfg = Release|x64
		{7FA8ED3F-D566-46D6-BD16-F400C99669FE}.Release|x64.Build.0 = Release|x64
		{7FA8ED3F-D566-46D6-BD16-F400C99669FE}.Release|x86.ActiveCfg = Release|Win32
		{7FA8ED3F-D566-46D6-BD16-F400C99669FE}.Release|x86.Build.0 = Release|Win32
		{9A7BBDCF-DC04-4349-AFC5-B1AC6C49B8A8}.Debug|x64.ActiveCfg = Debug|x64
		{9A7BBDCF-DC04-4349-AFC5-B1AC6C49B8A8}.Debug|x64.Build.0 = Debug|x64
		{9A7BBDCF-DC04-4349-AFC5-B1AC6C49B8A8}.Debug|x86.ActiveCfg = Debug|Win32
		{9A7BBDCF-DC04-4349-AFC5-B1AC6C49B8A8}.Debug|x86.Build.0 = Debug|Win32
		{9A7BBDCF-DC04-4349-AFC5-B1AC6C49B8A8}.Release|x64.ActiveCfg = Release|x64
		{9A7BBDCF-DC04-4349-AFC5-B1AC6C49B8A8}.Release|x64.Build.0 = Release|x64
		{9A7BBDCF-DC04-4349-AFC5-B1AC6C49B8A8}.Release|x86.ActiveCfg = Release|Win32
		{9A7BBDCF-DC04-4349-AFC5-B1AC6C49B8A8}.Release|x86.Build.0 = Release|Win32
		{49000DA4-1090-4EE5-984A-947B008CF902}.Debug|x64.ActiveCfg = Debug|x64
		{49000DA4-1090-4EE5-984A-947B008CF902}.Debug|x64.Build.0 = Debug|x64
		{49000DA4-1090-4EE5-984A-947B008CF902}.Debug|x86.ActiveCfg = Debug|Win32
		{49000DA4-1090-4EE5-984A-947B008CF902}.Debug|x86.Build.0 = Debug|Win32
		{49000DA4-1090-4EE5-984A-947B008CF902}.Release|x64.ActiveCfg = Release|x64
		{49000DA4-1090-4EE5-984A-947B008CF902}.Release|x64.Build.0 = Release|x64
		{49000DA4-1090-4EE5-984A-947B008CF902}.Release|x86.ActiveCfg = Release|Win32
		{49000DA4-1090-4EE5-984A-947B008CF902}.Release|x86.Build.0 = Release|Win32
		{3FC70642-3E3A-4589-83F3-5DA5B358A367}.Debug|x64.ActiveCfg = Debug|x64
		{3FC70642-3E3A-4589-83F3-5DA5B358A367}.Debug|x64.Build.0 = Debug|x64
		{3FC70642-3E3A-4589-83F3-5DA5B358A367}.Debug|x86.ActiveCfg = Debug|Win32
		{3FC70642-3E3A-4589-83F3-5DA5B358A367}.Debug|x86.Build.0 = Debug|Win32
		{3FC70642-3E3A-4589-83F3-5DA5B358A367}.Release|x64.ActiveCfg = Release|x64
		{3FC70642-3E3A-4589-83F3-5DA5B358A367}.Release|x64.Build.0 = Release|x64
		{3FC70642-3E3A-4589-83F3-5DA5B358A367}.Release|x86.ActiveCfg = Release|Win32
		{3FC70642-3E3A-4589-83F3-5DA5B358A367}.Release|x86.Build.0 = Release|Win32
		{901484FE-7092-47F6-A6BD-9A1FA502461D}.Debug|x64.ActiveCfg = Debug|x64
		{901484FE-7092-47F6-A6BD-9A1FA502461D}.Debug|x64.Build.0 = Debug|x64
		{901484FE-7092-47F6-A6BD-9A1FA502461D}.Debug|x86.ActiveCfg = Debug|Win32
		{901484FE-7092-47F6-A6BD-9A1FA502461D}.Debug|x86.Build.0 = Debug|Win32
		{901484FE-7092-47F6-A6BD-9A1FA502461D}.Release|x64.ActiveCfg = Release|x64
		{901484FE-7092-47F6-A6BD-9A1FA502461D}.Release|x64.Build.0 = Release|x64
		{901484FE-7092-47F6-A6BD-9A1FA502461D}.Release|x86.ActiveCfg = Release|Win32
		{901484FE-7092-47F6-A6BD-9A1FA502461D}.Release|x86.Build.0 = Release|Win32
		{DA19539B-80AB-471F-8FCB-8495E48C24EF}.Debug|x64.ActiveCfg = Debug|x64
		{DA19539B-80AB-471F-8FCB-8495E48C24EF}.Debug|x64.Build.0 = Debug|x64
		{DA19539B-80AB-471F-8FCB-8495E48C24EF}.Debug|x86.ActiveCfg = Debug|Win32
		{DA19539B-80AB-471F-8FCB-8495E48C24EF}.Debug|x86.Build.0 = Debug|Win32
		{DA19539B-80AB-471F-8FCB-8495E48C24EF}.Release|x64.ActiveCfg = Release|x64
		{DA19539B-80AB-471F-8FCB-8495E48C24EF}.Release|x64.Build.0 = Release|x64
		{DA19539B-80AB-471F-8FCB-8495E48C24EF}.Release|x86.ActiveCfg = Release|Win32
		{DA19539B-80AB-471F-8FCB-8495E48C24EF}.Release|x86.Build.0 = Release|Win32
		{6F3CF859-1795-4E0A-811C-9B3083442814}.Debug|x64.ActiveCfg = Debug|x64
		{6F3CF859-1795-4E0A-811C-9B3083442814}.Debug|x64.Build.0 = Debug|x64
		{6F3CF859-1795-4E0A-811C-9B3083442814}.Debug|x86.ActiveCfg = Debug|Win32
		{6F3CF859-1795-4E0A-811C-9B3083442814}.Debug|x86.Build.0 = Debug|Win32
		{6F3CF859-1795-4E0A-811C-9B3083442814}.Release|x64.ActiveCfg = Release|x64
		{6F3CF859-1795-4E0A-811C-9B3083442814}.Release|x64.Build.0 = Release|x64
		{6F3CF859-1795-4E0A-811C-9B3083442814}.Release|x86.ActiveCfg = Release|Win32
		{6F3CF859-1795-4E0A-811C-9B3083442814}.Release|x86.Build.0 = Release|Win32
		{CD010617-F45F-4237-9171-EAF57333AB7B}.Debug|x64.ActiveCfg = Debug|x64
		{CD010617-F45F-4237-9171-EAF57333AB7B}.Debug|x64.Build.0 = Debug|x64
		{CD010617-F45F-4237-9171-EAF57333AB7B}.Debug|x86.ActiveCfg = Debug|Win32
		{CD010617-F45F-4237-9171-EAF57333AB7B}.Debug|x86.Build.0 = Debug|Win32
		{CD010617-F45F-4237-9171-EAF57333AB7B}.Release|x64.ActiveCfg = Release|x64
		{CD010617-F45F-4237-9171-EAF57333AB7B}.Release|x64.Build.0 = Release|x64
		{CD010617-F45F-4237-9171-EAF57333AB7B}.Release|x86.ActiveCfg = Release|Win32
		{CD010617-F45F-4237-9171-EAF57333AB7B}.Release|x86.Build.0 = Release|Win32
		{FA91390B-2434-4503-8595-3161E1405A18}.Debug|x64.ActiveCfg = Debug|x64
		{FA91390B-2434-4503-8595-3161E1405A18}.Debug|x64.Build.0 = Debug|x64
		{FA91390B-2434-4503-8595-3161E1405A18}.Debug|x86.ActiveCfg = Debug|Win32
		{FA91390B-2434-4503-8595-3161E1405A18}.Debug|x86.Build.0 = Debug|Win32
		{FA91390B-2434-4503-8595-3161E1405A18}.Release|x64.ActiveCfg = Release|x64
		{FA91390B-2434-4503-8595-3161E1405A18}.Release|x64.Build.0 = Release|x64
		{FA91390B-2434-4503-8595-3161E1405A18}.Release|x86.ActiveCfg = Release|Win32
		{FA91390B-2434-4503-8595-3161E1405A18}.Release|x86.Build.0 = Release|Win32
		{FE869D1A-924D-42AF-8B32-A610A0A162D0}.Debug|x64.ActiveCfg = Debug|x64
		{FE869D1A-924D-42AF-8B32-A610A0A162D0}.Debug|x64.Build.0 = Debug|x64
		{FE869D1A-924D-42AF-8B32-A610A0A162D0}.Debug|x86.ActiveCfg = Debug|Win32
		{FE869D1A-924D-42AF-8B32-A610A0A162D0}.Debug|x86.Build.0 = Debug|Win32
		{FE869D1A-924D-42AF-8B32-A610A0A162D0}.Release|x64.ActiveCfg = Release|x64
		{FE869D1A-924D-42AF-8B32-A610A0A162D0}.Release|x64.Build.0 = Release|x64
		{FE869D1A-924D-42AF-8B32-A610A0A162D0}.Release|x86.ActiveCfg = Release|Win32
		{FE869D1A-924D-42AF-8B32-A610A0A162D0}.Release|x86.Build.0 = Release|Win32
	EndGlobalSection
	GlobalSection(SolutionProperties) = preSolution
		HideSolutionNode = FALSE
	EndGlobalSection
	GlobalSection(NestedProjects) = preSolution
		{6BFDBA4E-A47F-4C4F-8707-8A63881737D2} = {AC03003C-E37C-454B-B81D-A8C942915CAC}
		{F87965C4-531B-40CA-B573-961A28D8EEC8} = {AC03003C-E37C-454B-B81D-A8C942915CAC}
		{85025DB9-D484-454D-B7C0-29F11E55F326} = {AC03003C-E37C-454B-B81D-A8C942915CAC}
		{A445A2BF-D113-4038-9766-72BA0472B821} = {AC03003C-E37C-454B-B81D-A8C942915CAC}
		{2A817822-1C69-44A2-A1DC-8492E4C62001} = {AC03003C-E37C-454B-B81D-A8C942915CAC}
		{E8A8563F-3329-4A50-90EA-AEDCEB9E869D} = {AC03003C-E37C-454B-B81D-A8C942915CAC}
		{C8FEB4B3-B570-47F9-B658-841EA0E1F842} = {AC03003C-E37C-454B-B81D-A8C942915CAC}
		{E7119667-28BF-472F-A421-C0DE42C8F141} = {AC03003C-E37C-454B-B81D-A8C942915CAC}
		{07C2739D-A4E5-4ABE-8BAF-78C3D354EF31} = {3D41F01A-E868-4AB0-A455-5125C1E3BA60}
		{D31DCA38-91B3-413F-B74D-464B2AFCC4DE} = {3D41F01A-E868-4AB0-A455-5125C1E3BA60}
		{2FF87A86-8B09-4134-8CD2-46E7088206AA} = {3D41F01A-E868-4AB0-A455-5125C1E3BA60}
		{C89A2D3F-ACDB-481C-910F-5199F7AA3650} = {3D41F01A-E868-4AB0-A455-5125C1E3BA60}
		{7FA8ED3F-D566-46D6-BD16-F400C99669FE} = {F0D72753-45D6-46B5-A479-E24BE825E803}
		{9A7BBDCF-DC04-4349-AFC5-B1AC6C49B8A8} = {F0D72753-45D6-46B5-A479-E24BE825E803}
		{49000DA4-1090-4EE5-984A-947B008CF902} = {F0D72753-45D6-46B5-A479-E24BE825E803}
		{3FC70642-3E3A-4589-83F3-5DA5B358A367} = {F0D72753-45D6-46B5-A479-E24BE825E803}
		{901484FE-7092-47F6-A6BD-9A1FA502461D} = {F0D72753-45D6-46B5-A479-E24BE825E803}
		{DA19539B-80AB-471F-8FCB-8495E48C24EF} = {32470C3A-DE00-4834-BCEA-545F8F73E33F}
		{6F3CF859-1795-4E0A-811C-9B3083442814} = {32470C3A-DE00-4834-BCEA-545F8F73E33F}
		{CD010617-F45F-4237-9171-EAF57333AB7B} = {32470C3A-DE00-4834-BCEA-545F8F73E33F}
		{FA91390B-2434-4503-8595-3161E1405A18} = {74F45B8D-1479-4611-AD8C-1F78814E47A8}
		{FE869D1A-924D-42AF-8B32-A610A0A162D0} = {74F45B8D-1479-4611-AD8C-1F78814E47A8}
	EndGlobalSection
	GlobalSection(ExtensibilityGlobals) = postSolution
		SolutionGuid = {31B91C39-22B3-4E28-90BE-D800117F30EC}
	EndGlobalSection
EndGlobal
